PODS:
  - DJBExtensionKit (0.3):
    - DJBExtensionKit/Kingfisher (= 0.3)
    - DJBExtensionKit/RxSwift (= 0.3)
  - DJBExtensionKit/Kingfisher (0.3):
    - Kingfisher
  - DJBExtensionKit/RxSwift (0.3):
    - RxCocoa (~> 5)
    - RxSwift (~> 5)
    - RxSwiftExt (~> 5)
  - Kingfisher (5.8.3):
    - Kingfisher/Core (= 5.8.3)
  - Kingfisher/Core (5.8.3)
  - RxCocoa (5.1.1):
    - RxRelay (~> 5)
    - RxSwift (~> 5)
  - RxRelay (5.1.1):
    - RxSwift (~> 5)
  - RxSwift (5.0.0)
  - RxSwiftExt (5.2.0):
    - RxSwiftExt/Core (= 5.2.0)
    - RxSwiftExt/RxCocoa (= 5.2.0)
  - RxSwiftExt/Core (5.2.0):
    - RxSwift (~> 5.0)
  - RxSwiftExt/RxCocoa (5.2.0):
    - RxCocoa (~> 5.0)
    - RxSwiftExt/Core

DEPENDENCIES:
  - DJBExtensionKit (from `../`)

SPEC REPOS:
  https://github.com/CocoaPods/Specs.git:
    - Kingfisher
    - RxSwift
  trunk:
    - RxCocoa
    - RxRelay
    - RxSwiftExt

EXTERNAL SOURCES:
  DJBExtensionKit:
    :path: "../"

SPEC CHECKSUMS:
  DJBExtensionKit: 521940ee5b4e6d0f274a85365fcbaed76e21dcdd
  Kingfisher: b7e4cb65ff24c264bd2a1284b75b974d907afd94
  RxCocoa: 32065309a38d29b5b0db858819b5bf9ef038b601
  RxRelay: d77f7d771495f43c556cbc43eebd1bb54d01e8e9
  RxSwift: 8b0671caa829a763bbce7271095859121cbd895f
  RxSwiftExt: 4ca80336f43c28f11a2825cdd2fc61dd6c044697

PODFILE CHECKSUM: 09b35770df3fa80b1d8913cf1baab949d0e06084

COCOAPODS: 1.9.1
